
Microsoft Visual Studio Solution File, Format Version 12.00
# Visual Studio Version 17
VisualStudioVersion = 17.11.35208.52
MinimumVisualStudioVersion = 10.0.40219.1
Project("{8BC9CEB8-8B4A-11D0-8D11-00A0C91BC942}") = "5.二维数组", "5.二维数组\5.二维数组.vcxproj", "{29BF012E-D4DF-4456-B457-248CE17C510B}"
EndProject
Global
	GlobalSection(SolutionConfigurationPlatforms) = preSolution
		Debug|x64 = Debug|x64
		Debug|x86 = Debug|x86
		Release|x64 = Release|x64
		Release|x86 = Release|x86
	EndGlobalSection
	GlobalSection(ProjectConfigurationPlatforms) = postSolution
		{29BF012E-D4DF-4456-B457-248CE17C510B}.Debug|x64.ActiveCfg = Debug|x64
		{29BF012E-D4DF-4456-B457-248CE17C510B}.Debug|x64.Build.0 = Debug|x64
		{29BF012E-D4DF-4456-B457-248CE17C510B}.Debug|x86.ActiveCfg = Debug|Win32
		{29BF012E-D4DF-4456-B457-248CE17C510B}.Debug|x86.Build.0 = Debug|Win32
		{29BF012E-D4DF-4456-B457-248CE17C510B}.Release|x64.ActiveCfg = Release|x64
		{29BF012E-D4DF-4456-B457-248CE17C510B}.Release|x64.Build.0 = Release|x64
		{29BF012E-D4DF-4456-B457-248CE17C510B}.Release|x86.ActiveCfg = Release|Win32
		{29BF012E-D4DF-4456-B457-248CE17C510B}.Release|x86.Build.0 = Release|Win32
	EndGlobalSection
	GlobalSection(SolutionProperties) = preSolution
		HideSolutionNode = FALSE
	EndGlobalSection
	GlobalSection(ExtensibilityGlobals) = postSolution
		SolutionGuid = {1D408873-ECA9-4B73-833B-B22FBAFFB6A1}
	EndGlobalSection
EndGlobal
